
Microsoft Visual Studio Solution File, Format Version 12.00
# Visual Studio Version 16
VisualStudioVersion = 16.0.29806.167
MinimumVisualStudioVersion = 10.0.40219.1
Project("{9A19103F-16F7-4668-BE54-9A1E7A4F7556}") = "acaShare.DAL", "acaShare.DAL\acaShare.DAL.csproj", "{8513C247-EC84-487D-AF85-9ECC3BA4A25A}"
EndProject
Project("{9A19103F-16F7-4668-BE54-9A1E7A4F7556}") = "acaShare.BLL", "acaShare.BLL\acaShare.BLL.csproj", "{663D01E9-B2FC-447D-A6DB-4F0FB15CB519}"
EndProject
Project("{9A19103F-16F7-4668-BE54-9A1E7A4F7556}") = "acaShare.ServiceLayer", "acaShare.ServiceLayer\acaShare.ServiceLayer.csproj", "{83F08AC5-652B-4A82-92BB-8848FBA3CE80}"
EndProject
Project("{9A19103F-16F7-4668-BE54-9A1E7A4F7556}") = "acaShare.MVC", "acaShare.MVC\acaShare.MVC.csproj", "{F0B80BF4-9E8B-4107-935D-A89FAF545BB3}"
EndProject
Project("{9A19103F-16F7-4668-BE54-9A1E7A4F7556}") = "acaShare.SharedResourcesLibrary", "acaShare.SharedResourcesLibrary\acaShare.SharedResourcesLibrary.csproj", "{13A43470-300A-4BF6-AEF7-D4704D97278B}"
EndProject
Project("{FAE04EC0-301F-11D3-BF4B-00C04F79EFBC}") = "acaShare.Blazor", "acaShare.Blazor\acaShare.Blazor.csproj", "{E0B62617-44D0-42B8-859A-98BB50A79AA3}"
EndProject
Global
	GlobalSection(SolutionConfigurationPlatforms) = preSolution
		Debug|Any CPU = Debug|Any CPU
		Release|Any CPU = Release|Any CPU
	EndGlobalSection
	GlobalSection(ProjectConfigurationPlatforms) = postSolution
		{8513C247-EC84-487D-AF85-9ECC3BA4A25A}.Debug|Any CPU.ActiveCfg = Debug|Any CPU
		{8513C247-EC84-487D-AF85-9ECC3BA4A25A}.Debug|Any CPU.Build.0 = Debug|Any CPU
		{8513C247-EC84-487D-AF85-9ECC3BA4A25A}.Release|Any CPU.ActiveCfg = Release|Any CPU
		{8513C247-EC84-487D-AF85-9ECC3BA4A25A}.Release|Any CPU.Build.0 = Release|Any CPU
		{663D01E9-B2FC-447D-A6DB-4F0FB15CB519}.Debug|Any CPU.ActiveCfg = Debug|Any CPU
		{663D01E9-B2FC-447D-A6DB-4F0FB15CB519}.Debug|Any CPU.Build.0 = Debug|Any CPU
		{663D01E9-B2FC-447D-A6DB-4F0FB15CB519}.Release|Any CPU.ActiveCfg = Release|Any CPU
		{663D01E9-B2FC-447D-A6DB-4F0FB15CB519}.Release|Any CPU.Build.0 = Release|Any CPU
		{83F08AC5-652B-4A82-92BB-8848FBA3CE80}.Debug|Any CPU.ActiveCfg = Debug|Any CPU
		{83F08AC5-652B-4A82-92BB-8848FBA3CE80}.Debug|Any CPU.Build.0 = Debug|Any CPU
		{83F08AC5-652B-4A82-92BB-8848FBA3CE80}.Release|Any CPU.ActiveCfg = Release|Any CPU
		{83F08AC5-652B-4A82-92BB-8848FBA3CE80}.Release|Any CPU.Build.0 = Release|Any CPU
		{F0B80BF4-9E8B-4107-935D-A89FAF545BB3}.Debug|Any CPU.ActiveCfg = Debug|Any CPU
		{F0B80BF4-9E8B-4107-935D-A89FAF545BB3}.Debug|Any CPU.Build.0 = Debug|Any CPU
		{F0B80BF4-9E8B-4107-935D-A89FAF545BB3}.Release|Any CPU.ActiveCfg = Release|Any CPU
		{F0B80BF4-9E8B-4107-935D-A89FAF545BB3}.Release|Any CPU.Build.0 = Release|Any CPU
		{13A43470-300A-4BF6-AEF7-D4704D97278B}.Debug|Any CPU.ActiveCfg = Debug|Any CPU
		{13A43470-300A-4BF6-AEF7-D4704D97278B}.Debug|Any CPU.Build.0 = Debug|Any CPU
		{13A43470-300A-4BF6-AEF7-D4704D97278B}.Release|Any CPU.ActiveCfg = Release|Any CPU
		{13A43470-300A-4BF6-AEF7-D4704D97278B}.Release|Any CPU.Build.0 = Release|Any CPU
		{E0B62617-44D0-42B8-859A-98BB50A79AA3}.Debug|Any CPU.ActiveCfg = Debug|Any CPU
		{E0B62617-44D0-42B8-859A-98BB50A79AA3}.Debug|Any CPU.Build.0 = Debug|Any CPU
		{E0B62617-44D0-42B8-859A-98BB50A79AA3}.Release|Any CPU.ActiveCfg = Release|Any CPU
		{E0B62617-44D0-42B8-859A-98BB50A79AA3}.Release|Any CPU.Build.0 = Release|Any CPU
	EndGlobalSection
	GlobalSection(SolutionProperties) = preSolution
		HideSolutionNode = FALSE
	EndGlobalSection
	GlobalSection(ExtensibilityGlobals) = postSolution
		SolutionGuid = {1760E1B3-AE0E-4314-A8ED-E2298871E559}
	EndGlobalSection
EndGlobal
